
Microsoft Visual Studio Solution File, Format Version 12.00
# Visual Studio Version 17
VisualStudioVersion = 17.0.31903.59
MinimumVisualStudioVersion = 10.0.40219.1
Project("{2150E333-8FDC-42A3-9474-1A3956D46DE8}") = "src", "src", "{ACB536CE-2360-47AA-95EE-19EE42EF3095}"
EndProject
Project("{FAE04EC0-301F-11D3-BF4B-00C04F79EFBC}") = "PrintJobInterceptor", "src\PrintJobInterceptor\PrintJobInterceptor.csproj", "{679CB415-15C1-46A2-A4CD-6E7B8E5A43F8}"
EndProject
Global
	GlobalSection(SolutionConfigurationPlatforms) = preSolution
		Debug|Any CPU = Debug|Any CPU
		Release|Any CPU = Release|Any CPU
	EndGlobalSection
	GlobalSection(SolutionProperties) = preSolution
		HideSolutionNode = FALSE
	EndGlobalSection
	GlobalSection(ProjectConfigurationPlatforms) = postSolution
		{679CB415-15C1-46A2-A4CD-6E7B8E5A43F8}.Debug|Any CPU.ActiveCfg = Debug|Any CPU
		{679CB415-15C1-46A2-A4CD-6E7B8E5A43F8}.Debug|Any CPU.Build.0 = Debug|Any CPU
		{679CB415-15C1-46A2-A4CD-6E7B8E5A43F8}.Release|Any CPU.ActiveCfg = Release|Any CPU
		{679CB415-15C1-46A2-A4CD-6E7B8E5A43F8}.Release|Any CPU.Build.0 = Release|Any CPU
	EndGlobalSection
	GlobalSection(NestedProjects) = preSolution
		{679CB415-15C1-46A2-A4CD-6E7B8E5A43F8} = {ACB536CE-2360-47AA-95EE-19EE42EF3095}
	EndGlobalSection
EndGlobal
